Microsoft Visual Studio Solution File, Format Version 12.00
# Visual Studio Version 17
VisualStudioVersion = 17.7.34031.279
MinimumVisualStudioVersion = 10.0.40219.1
Project("{9A19103F-16F7-4668-BE54-9A1E7A4F7556}") = "YADR", "YADR.csproj", "{DD1857F6-ACF8-42C3-A4B5-1BDCD271370B}"
EndProject
Global
	GlobalSection(SolutionConfigurationPlatforms) = preSolution
		Debug|Any CPU = Debug|Any CPU
		Debug|ARM = Debug|ARM
		Debug|ARM64 = Debug|ARM64
		Debug|x64 = Debug|x64
		Debug|x86 = Debug|x86
		ExportDebug|Any CPU = ExportDebug|Any CPU
		ExportDebug|ARM = ExportDebug|ARM
		ExportDebug|ARM64 = ExportDebug|ARM64
		ExportDebug|x64 = ExportDebug|x64
		ExportDebug|x86 = ExportDebug|x86
		ExportRelease|Any CPU = ExportRelease|Any CPU
		ExportRelease|ARM = ExportRelease|ARM
		ExportRelease|ARM64 = ExportRelease|ARM64
		ExportRelease|x64 = ExportRelease|x64
		ExportRelease|x86 = ExportRelease|x86
		Release|Any CPU = Release|Any CPU
		Release|ARM = Release|ARM
		Release|ARM64 = Release|ARM64
		Release|x64 = Release|x64
		Release|x86 = Release|x86
	EndGlobalSection
	GlobalSection(ProjectConfigurationPlatforms) = postSolution
		{DD1857F6-ACF8-42C3-A4B5-1BDCD271370B}.Debug|Any CPU.ActiveCfg = Debug|Any CPU
		{DD1857F6-ACF8-42C3-A4B5-1BDCD271370B}.Debug|Any CPU.Build.0 = Debug|Any CPU
		{DD1857F6-ACF8-42C3-A4B5-1BDCD271370B}.Debug|ARM.ActiveCfg = Debug|Any CPU
		{DD1857F6-ACF8-42C3-A4B5-1BDCD271370B}.Debug|ARM.Build.0 = Debug|Any CPU
		{DD1857F6-ACF8-42C3-A4B5-1BDCD271370B}.Debug|ARM64.ActiveCfg = Debug|Any CPU
		{DD1857F6-ACF8-42C3-A4B5-1BDCD271370B}.Debug|ARM64.Build.0 = Debug|Any CPU
		{DD1857F6-ACF8-42C3-A4B5-1BDCD271370B}.Debug|x64.ActiveCfg = ExportDebug|x64
		{DD1857F6-ACF8-42C3-A4B5-1BDCD271370B}.Debug|x64.Build.0 = ExportDebug|x64
		{DD1857F6-ACF8-42C3-A4B5-1BDCD271370B}.Debug|x86.ActiveCfg = Debug|Any CPU
		{DD1857F6-ACF8-42C3-A4B5-1BDCD271370B}.Debug|x86.Build.0 = Debug|Any CPU
		{DD1857F6-ACF8-42C3-A4B5-1BDCD271370B}.ExportDebug|Any CPU.ActiveCfg = ExportDebug|Any CPU
		{DD1857F6-ACF8-42C3-A4B5-1BDCD271370B}.ExportDebug|Any CPU.Build.0 = ExportDebug|Any CPU
		{DD1857F6-ACF8-42C3-A4B5-1BDCD271370B}.ExportDebug|ARM.ActiveCfg = ExportDebug|Any CPU
		{DD1857F6-ACF8-42C3-A4B5-1BDCD271370B}.ExportDebug|ARM.Build.0 = ExportDebug|Any CPU
		{DD1857F6-ACF8-42C3-A4B5-1BDCD271370B}.ExportDebug|ARM64.ActiveCfg = ExportDebug|Any CPU
		{DD1857F6-ACF8-42C3-A4B5-1BDCD271370B}.ExportDebug|ARM64.Build.0 = ExportDebug|Any CPU
		{DD1857F6-ACF8-42C3-A4B5-1BDCD271370B}.ExportDebug|x64.ActiveCfg = ExportDebug|x64
		{DD1857F6-ACF8-42C3-A4B5-1BDCD271370B}.ExportDebug|x64.Build.0 = ExportDebug|x64
		{DD1857F6-ACF8-42C3-A4B5-1BDCD271370B}.ExportDebug|x86.ActiveCfg = ExportDebug|Any CPU
		{DD1857F6-ACF8-42C3-A4B5-1BDCD271370B}.ExportDebug|x86.Build.0 = ExportDebug|Any CPU
		{DD1857F6-ACF8-42C3-A4B5-1BDCD271370B}.ExportRelease|Any CPU.ActiveCfg = ExportRelease|Any CPU
		{DD1857F6-ACF8-42C3-A4B5-1BDCD271370B}.ExportRelease|Any CPU.Build.0 = ExportRelease|Any CPU
		{DD1857F6-ACF8-42C3-A4B5-1BDCD271370B}.ExportRelease|ARM.ActiveCfg = ExportRelease|Any CPU
		{DD1857F6-ACF8-42C3-A4B5-1BDCD271370B}.ExportRelease|ARM.Build.0 = ExportRelease|Any CPU
		{DD1857F6-ACF8-42C3-A4B5-1BDCD271370B}.ExportRelease|ARM64.ActiveCfg = ExportRelease|Any CPU
		{DD1857F6-ACF8-42C3-A4B5-1BDCD271370B}.ExportRelease|ARM64.Build.0 = ExportRelease|Any CPU
		{DD1857F6-ACF8-42C3-A4B5-1BDCD271370B}.ExportRelease|x64.ActiveCfg = ExportRelease|x64
		{DD1857F6-ACF8-42C3-A4B5-1BDCD271370B}.ExportRelease|x64.Build.0 = ExportRelease|x64
		{DD1857F6-ACF8-42C3-A4B5-1BDCD271370B}.ExportRelease|x86.ActiveCfg = ExportRelease|Any CPU
		{DD1857F6-ACF8-42C3-A4B5-1BDCD271370B}.ExportRelease|x86.Build.0 = ExportRelease|Any CPU
		{DD1857F6-ACF8-42C3-A4B5-1BDCD271370B}.Release|Any CPU.ActiveCfg = ExportRelease|Any CPU
		{DD1857F6-ACF8-42C3-A4B5-1BDCD271370B}.Release|Any CPU.Build.0 = ExportRelease|Any CPU
		{DD1857F6-ACF8-42C3-A4B5-1BDCD271370B}.Release|ARM.ActiveCfg = ExportRelease|Any CPU
		{DD1857F6-ACF8-42C3-A4B5-1BDCD271370B}.Release|ARM.Build.0 = ExportRelease|Any CPU
		{DD1857F6-ACF8-42C3-A4B5-1BDCD271370B}.Release|ARM64.ActiveCfg = ExportRelease|Any CPU
		{DD1857F6-ACF8-42C3-A4B5-1BDCD271370B}.Release|ARM64.Build.0 = ExportRelease|Any CPU
		{DD1857F6-ACF8-42C3-A4B5-1BDCD271370B}.Release|x64.ActiveCfg = ExportRelease|x64
		{DD1857F6-ACF8-42C3-A4B5-1BDCD271370B}.Release|x64.Build.0 = ExportRelease|x64
		{DD1857F6-ACF8-42C3-A4B5-1BDCD271370B}.Release|x86.ActiveCfg = ExportRelease|Any CPU
		{DD1857F6-ACF8-42C3-A4B5-1BDCD271370B}.Release|x86.Build.0 = ExportRelease|Any CPU
	EndGlobalSection
	GlobalSection(SolutionProperties) = preSolution
		HideSolutionNode = FALSE
	EndGlobalSection
	GlobalSection(ExtensibilityGlobals) = postSolution
		SolutionGuid = {1E7979C6-C9A5-4D11-A1C1-C964DC94946E}
	EndGlobalSection
EndGlobal
